# Generated by pub
# See https://dart.dev/tools/pub/glossary#lockfile
packages:
  async:
    dependency: transitive
    description:
      name: async
      url: "https://pub.dartlang.org"
    source: hosted
    version: "2.4.0"
  autocomplete_textfield:
    dependency: "direct main"
    description:
      name: autocomplete_textfield
      url: "https://pub.dartlang.org"
    source: hosted
    version: "1.7.3"
  bloc:
    dependency: transitive
    description:
      name: bloc
      url: "https://pub.dartlang.org"
    source: hosted
    version: "3.0.0"
  charcode:
    dependency: transitive
    description:
      name: charcode
      url: "https://pub.dartlang.org"
    source: hosted
    version: "1.1.2"
  collection:
    dependency: transitive
    description:
      name: collection
      url: "https://pub.dartlang.org"
    source: hosted
    version: "1.14.11"
  convert:
    dependency: transitive
    description:
      name: convert
      url: "https://pub.dartlang.org"
    source: hosted
    version: "2.1.1"
  csslib:
    dependency: transitive
    description:
      name: csslib
      url: "https://pub.dartlang.org"
    source: hosted
    version: "0.16.1"
  cuba_weather_dart:
    dependency: "direct main"
    description:
      name: cuba_weather_dart
      url: "https://pub.dartlang.org"
    source: hosted
    version: "2.2.0"
  cuba_weather_insmet_dart:
    dependency: transitive
    description:
      name: cuba_weather_insmet_dart
      url: "https://pub.dartlang.org"
    source: hosted
    version: "0.2.1"
  cuba_weather_municipality_dart:
    dependency: transitive
    description:
      name: cuba_weather_municipality_dart
      url: "https://pub.dartlang.org"
    source: hosted
    version: "0.1.3"
  cuba_weather_redcuba_dart:
    dependency: transitive
    description:
      name: cuba_weather_redcuba_dart
      url: "https://pub.dartlang.org"
    source: hosted
    version: "2.1.0"
  cupertino_icons:
    dependency: "direct main"
    description:
      name: cupertino_icons
      url: "https://pub.dartlang.org"
    source: hosted
    version: "0.1.3"
  equatable:
    dependency: "direct main"
    description:
      name: equatable
      url: "https://pub.dartlang.org"
    source: hosted
    version: "1.0.2"
  flutter:
    dependency: "direct main"
    description: flutter
    source: sdk
    version: "0.0.0"
  flutter_bloc:
    dependency: "direct main"
    description:
      name: flutter_bloc
      url: "https://pub.dartlang.org"
    source: hosted
    version: "3.1.0"
  flutter_web_plugins:
    dependency: transitive
    description: flutter
    source: sdk
    version: "0.0.0"
  getflutter:
    dependency: "direct main"
    description:
      name: getflutter
      url: "https://pub.dartlang.org"
    source: hosted
    version: "1.0.0"
  html:
    dependency: transitive
    description:
      name: html
      url: "https://pub.dartlang.org"
    source: hosted
    version: "0.14.0+3"
  http:
    dependency: "direct main"
    description:
      name: http
      url: "https://pub.dartlang.org"
    source: hosted
    version: "0.12.0+4"
  http_parser:
    dependency: transitive
    description:
      name: http_parser
      url: "https://pub.dartlang.org"
    source: hosted
    version: "3.1.3"
  meta:
    dependency: transitive
    description:
      name: meta
      url: "https://pub.dartlang.org"
    source: hosted
    version: "1.1.8"
  nested:
    dependency: transitive
    description:
      name: nested
      url: "https://pub.dartlang.org"
    source: hosted
    version: "0.0.4"
  package_info:
    dependency: "direct main"
    description:
      name: package_info
      url: "https://pub.dartlang.org"
    source: hosted
    version: "0.4.0+13"
  path:
    dependency: transitive
    description:
      name: path
      url: "https://pub.dartlang.org"
    source: hosted
    version: "1.6.4"
  pedantic:
    dependency: transitive
    description:
      name: pedantic
      url: "https://pub.dartlang.org"
    source: hosted
    version: "1.9.0"
  petitparser:
    dependency: transitive
    description:
      name: petitparser
      url: "https://pub.dartlang.org"
    source: hosted
    version: "3.0.0"
  plugin_platform_interface:
    dependency: transitive
    description:
      name: plugin_platform_interface
      url: "https://pub.dartlang.org"
    source: hosted
    version: "1.0.1"
  provider:
    dependency: transitive
    description:
      name: provider
      url: "https://pub.dartlang.org"
    source: hosted
    version: "4.0.2"
  rxdart:
    dependency: transitive
    description:
      name: rxdart
      url: "https://pub.dartlang.org"
    source: hosted
    version: "0.23.1"
  shared_preferences:
    dependency: "direct main"
    description:
      name: shared_preferences
      url: "https://pub.dartlang.org"
    source: hosted
    version: "0.5.6"
  shared_preferences_macos:
    dependency: transitive
    description:
      name: shared_preferences_macos
      url: "https://pub.dartlang.org"
    source: hosted
    version: "0.0.1+3"
  shared_preferences_platform_interface:
    dependency: transitive
    description:
      name: shared_preferences_platform_interface
      url: "https://pub.dartlang.org"
    source: hosted
    version: "1.0.1"
  shared_preferences_web:
    dependency: transitive
    description:
      name: shared_preferences_web
      url: "https://pub.dartlang.org"
    source: hosted
    version: "0.1.2+2"
  sky_engine:
    dependency: transitive
    description: flutter
    source: sdk
    version: "0.0.99"
  source_span:
    dependency: transitive
    description:
      name: source_span
      url: "https://pub.dartlang.org"
    source: hosted
    version: "1.6.0"
  string_scanner:
    dependency: transitive
    description:
      name: string_scanner
      url: "https://pub.dartlang.org"
    source: hosted
    version: "1.0.5"
  term_glyph:
    dependency: transitive
    description:
      name: term_glyph
      url: "https://pub.dartlang.org"
    source: hosted
    version: "1.1.0"
  typed_data:
    dependency: transitive
    description:
      name: typed_data
      url: "https://pub.dartlang.org"
    source: hosted
    version: "1.1.6"
  url_launcher:
    dependency: "direct main"
    description:
      name: url_launcher
      url: "https://pub.dartlang.org"
    source: hosted
    version: "5.4.1"
  url_launcher_macos:
    dependency: transitive
    description:
      name: url_launcher_macos
      url: "https://pub.dartlang.org"
    source: hosted
    version: "0.0.1+2"
  url_launcher_platform_interface:
    dependency: transitive
    description:
      name: url_launcher_platform_interface
      url: "https://pub.dartlang.org"
    source: hosted
    version: "1.0.5"
  url_launcher_web:
    dependency: transitive
    description:
      name: url_launcher_web
      url: "https://pub.dartlang.org"
    source: hosted
    version: "0.1.0+2"
  vector_math:
    dependency: transitive
    description:
      name: vector_math
      url: "https://pub.dartlang.org"
    source: hosted
    version: "2.0.8"
  weather_icons:
    dependency: "direct main"
    description:
      name: weather_icons
      url: "https://pub.dartlang.org"
    source: hosted
    version: "1.0.1"
  xml:
    dependency: transitive
    description:
      name: xml
      url: "https://pub.dartlang.org"
    source: hosted
    version: "3.7.0"
sdks:
  dart: ">=2.7.0 <3.0.0"
  flutter: ">=1.12.13+hotfix.4 <2.0.0"
